// !$*UTF8*$!
{
	archiveVersion = 1;
	classes = {
	};
	objectVersion = 50;
	objects = {

/* Begin PBXBuildFile section */
		4BB873DA21623E080027401C /* AppDelegate.swift in Sources */ = {isa = PBXBuildFile; fileRef = 4BB873D921623E080027401C /* AppDelegate.swift */; };
		4BB873DC21623E080027401C /* ViewController.swift in Sources */ = {isa = PBXBuildFile; fileRef = 4BB873DB21623E080027401C /* ViewController.swift */; };
		4BB873DF21623E080027401C /* Main.storyboard in Resources */ = {isa = PBXBuildFile; fileRef = 4BB873DD21623E080027401C /* Main.storyboard */; };
		4BB873E121623E090027401C /* Assets.xcassets in Resources */ = {isa = PBXBuildFile; fileRef = 4BB873E021623E090027401C /* Assets.xcassets */; };
		4BB873E421623E090027401C /* LaunchScreen.storyboard in Resources */ = {isa = PBXBuildFile; fileRef = 4BB873E221623E090027401C /* LaunchScreen.storyboard */; };
		4BB873EF21623E090027401C /* json_testTests.swift in Sources */ = {isa = PBXBuildFile; fileRef = 4BB873EE21623E090027401C /* json_testTests.swift */; };
		4BB873FA21623E090027401C /* json_testUITests.swift in Sources */ = {isa = PBXBuildFile; fileRef = 4BB873F921623E090027401C /* json_testUITests.swift */; };
		4BB8740821623FD00027401C /* Default-568h@2x.png in Resources */ = {isa = PBXBuildFile; fileRef = 4BB8740721623FD00027401C /* Default-568h@2x.png */; };
/* End PBXBuildFile section */

/* Begin PBXContainerItemProxy section */
		4BB873EB21623E090027401C /* PBXContainerItemProxy */ = {
			isa = PBXContainerItemProxy;
			containerPortal = 4BB873CE21623E080027401C /* Project object */;
			proxyType = 1;
			remoteGlobalIDString = 4BB873D521623E080027401C;
			remoteInfo = "json test";
		};
		4BB873F621623E090027401C /* PBXContainerItemProxy */ = {
			isa = PBXContainerItemProxy;
			containerPortal = 4BB873CE21623E080027401C /* Project object */;
			proxyType = 1;
			remoteGlobalIDString = 4BB873D521623E080027401C;
			remoteInfo = "json test";
		};
/* End PBXContainerItemProxy section */

/* Begin PBXFileReference section */
		4BB873D621623E080027401C /* json test.app */ = {isa = PBXFileReference; explicitFileType = wrapper.application; includeInIndex = 0; path = "json test.app"; sourceTree = BUILT_PRODUCTS_DIR; };
		4BB873D921623E080027401C /* AppDelegate.swift */ = {isa = PBXFileReference; lastKnownFileType = sourcecode.swift; path = AppDelegate.swift; sourceTree = "<group>"; };
		4BB873DB21623E080027401C /* ViewController.swift */ = {isa = PBXFileReference; lastKnownFileType = sourcecode.swift; path = ViewController.swift; sourceTree = "<group>"; };
		4BB873DE21623E080027401C /* Base */ = {isa = PBXFileReference; lastKnownFileType = file.storyboard; name = Base; path = Base.lproj/Main.storyboard; sourceTree = "<group>"; };
		4BB873E021623E090027401C /* Assets.xcassets */ = {isa = PBXFileReference; lastKnownFileType = folder.assetcatalog; path = Assets.xcassets; sourceTree = "<group>"; };
		4BB873E321623E090027401C /* Base */ = {isa = PBXFileReference; lastKnownFileType = file.storyboard; name = Base; path = Base.lproj/LaunchScreen.storyboard; sourceTree = "<group>"; };
		4BB873E521623E090027401C /* Info.plist */ = {isa = PBXFileReference; lastKnownFileType = text.plist.xml; path = Info.plist; sourceTree = "<group>"; };
		4BB873EA21623E090027401C /* json testTests.xctest */ = {isa = PBXFileReference; explicitFileType = wrapper.cfbundle; includeInIndex = 0; path = "json testTests.xctest"; sourceTree = BUILT_PRODUCTS_DIR; };
		4BB873EE21623E090027401C /* json_testTests.swift */ = {isa = PBXFileReference; lastKnownFileType = sourcecode.swift; path = json_testTests.swift; sourceTree = "<group>"; };
		4BB873F021623E090027401C /* Info.plist */ = {isa = PBXFileReference; lastKnownFileType = text.plist.xml; path = Info.plist; sourceTree = "<group>"; };
		4BB873F521623E090027401C /* json testUITests.xctest */ = {isa = PBXFileReference; explicitFileType = wrapper.cfbundle; includeInIndex = 0; path = "json testUITests.xctest"; sourceTree = BUILT_PRODUCTS_DIR; };
		4BB873F921623E090027401C /* json_testUITests.swift */ = {isa = PBXFileReference; lastKnownFileType = sourcecode.swift; path = json_testUITests.swift; sourceTree = "<group>"; };
		4BB873FB21623E0A0027401C /* Info.plist */ = {isa = PBXFileReference; lastKnownFileType = text.plist.xml; path = Info.plist; sourceTree = "<group>"; };
		4BB8740721623FD00027401C /* Default-568h@2x.png */ = {isa = PBXFileReference; lastKnownFileType = image.png; path = "Default-568h@2x.png"; sourceTree = "<group>"; };
/* End PBXFileReference section */

/* Begin PBXFrameworksBuildPhase section */
		4BB873D321623E080027401C /* Frameworks */ = {
			isa = PBXFrameworksBuildPhase;
			buildActionMask = 2147483647;
			files = (
			);
			runOnlyForDeploymentPostprocessing = 0;
		};
		4BB873E721623E090027401C /* Frameworks */ = {
			isa = PBXFrameworksBuildPhase;
			buildActionMask = 2147483647;
			files = (
			);
			runOnlyForDeploymentPostprocessing = 0;
		};
		4BB873F221623E090027401C /* Frameworks */ = {
			isa = PBXFrameworksBuildPhase;
			buildActionMask = 2147483647;
			files = (
			);
			runOnlyForDeploymentPostprocessing = 0;
		};
/* End PBXFrameworksBuildPhase section */

/* Begin PBXGroup section */
		4BB873CD21623E080027401C = {
			isa = PBXGroup;
			children = (
				4BB8740721623FD00027401C /* Default-568h@2x.png */,
				4BB873D821623E080027401C /* json test */,
				4BB873ED21623E090027401C /* json testTests */,
				4BB873F821623E090027401C /* json testUITests */,
				4BB873D721623E080027401C /* Products */,
			);
			sourceTree = "<group>";
		};
		4BB873D721623E080027401C /* Products */ = {
			isa = PBXGroup;
			children = (
				4BB873D621623E080027401C /* json test.app */,
				4BB873EA21623E090027401C /* json testTests.xctest */,
				4BB873F521623E090027401C /* json testUITests.xctest */,
			);
			name = Products;
			sourceTree = "<group>";
		};
		4BB873D821623E080027401C /* json test */ = {
			isa = PBXGroup;
			children = (
				4BB873D921623E080027401C /* AppDelegate.swift */,
				4BB873DB21623E080027401C /* ViewController.swift */,
				4BB873DD21623E080027401C /* Main.storyboard */,
				4BB873E021623E090027401C /* Assets.xcassets */,
				4BB873E221623E090027401C /* LaunchScreen.storyboard */,
				4BB873E521623E090027401C /* Info.plist */,
			);
			path = "json test";
			sourceTree = "<group>";
		};
		4BB873ED21623E090027401C /* json testTests */ = {
			isa = PBXGroup;
			children = (
				4BB873EE21623E090027401C /* json_testTests.swift */,
				4BB873F021623E090027401C /* Info.plist */,
			);
			path = "json testTests";
			sourceTree = "<group>";
		};
		4BB873F821623E090027401C /* json testUITests */ = {
			isa = PBXGroup;
			children = (
				4BB873F921623E090027401C /* json_testUITests.swift */,
				4BB873FB21623E0A0027401C /* Info.plist */,
			);
			path = "json testUITests";
			sourceTree = "<group>";
		};
/* End PBXGroup section */

/* Begin PBXNativeTarget section */
		4BB873D521623E080027401C /* json test */ = {
			isa = PBXNativeTarget;
			buildConfigurationList = 4BB873FE21623E0A0027401C /* Build configuration list for PBXNativeTarget "json test" */;
			buildPhases = (
				4BB873D221623E080027401C /* Sources */,
				4BB873D321623E080027401C /* Frameworks */,
				4BB873D421623E080027401C /* Resources */,
			);
			buildRules = (
			);
			dependencies = (
			);
			name = "json test";
			productName = "json test";
			productReference = 4BB873D621623E080027401C /* json test.app */;
			productType = "com.apple.product-type.application";
		};
		4BB873E921623E090027401C /* json testTests */ = {
			isa = PBXNativeTarget;
			buildConfigurationList = 4BB8740121623E0A0027401C /* Build configuration list for PBXNativeTarget "json testTests" */;
			buildPhases = (
				4BB873E621623E090027401C /* Sources */,
				4BB873E721623E090027401C /* Frameworks */,
				4BB873E821623E090027401C /* Resources */,
			);
			buildRules = (
			);
			dependencies = (
				4BB873EC21623E090027401C /* PBXTargetDependency */,
			);
			name = "json testTests";
			productName = "json testTests";
			productReference = 4BB873EA21623E090027401C /* json testTests.xctest */;
			productType = "com.apple.product-type.bundle.unit-test";
		};
		4BB873F421623E090027401C /* json testUITests */ = {
			isa = PBXNativeTarget;
			buildConfigurationList = 4BB8740421623E0A0027401C /* Build configuration list for PBXNativeTarget "json testUITests" */;
			buildPhases = (
				4BB873F121623E090027401C /* Sources */,
				4BB873F221623E090027401C /* Frameworks */,
				4BB873F321623E090027401C /* Resources */,
			);
			buildRules = (
			);
			dependencies = (
				4BB873F721623E090027401C /* PBXTargetDependency */,
			);
			name = "json testUITests";
			productName = "json testUITests";
			productReference = 4BB873F521623E090027401C /* json testUITests.xctest */;
			productType = "com.apple.product-type.bundle.ui-testing";
		};
/* End PBXNativeTarget section */

/* Begin PBXProject section */
		4BB873CE21623E080027401C /* Project object */ = {
			isa = PBXProject;
			attributes = {
				LastSwiftUpdateCheck = 1000;
				LastUpgradeCheck = 1000;
				ORGANIZATIONNAME = "Erik Westerberg";
				TargetAttributes = {
					4BB873D521623E080027401C = {
						CreatedOnToolsVersion = 10.0;
					};
					4BB873E921623E090027401C = {
						CreatedOnToolsVersion = 10.0;
						TestTargetID = 4BB873D521623E080027401C;
					};
					4BB873F421623E090027401C = {
						CreatedOnToolsVersion = 10.0;
						TestTargetID = 4BB873D521623E080027401C;
					};
				};
			};
			buildConfigurationList = 4BB873D121623E080027401C /* Build configuration list for PBXProject "json test" */;
			compatibilityVersion = "Xcode 9.3";
			developmentRegion = en;
			hasScannedForEncodings = 0;
			knownRegions = (
				en,
				Base,
			);
			mainGroup = 4BB873CD21623E080027401C;
			productRefGroup = 4BB873D721623E080027401C /* Products */;
			projectDirPath = "";
			projectRoot = "";
			targets = (
				4BB873D521623E080027401C /* json test */,
				4BB873E921623E090027401C /* json testTests */,
				4BB873F421623E090027401C /* json testUITests */,
			);
		};
/* End PBXProject section */

/* Begin PBXResourcesBuildPhase section */
		4BB873D421623E080027401C /* Resources */ = {
			isa = PBXResourcesBuildPhase;
			buildActionMask = 2147483647;
			files = (
				4BB873E421623E090027401C /* LaunchScreen.storyboard in Resources */,
				4BB8740821623FD00027401C /* Default-568h@2x.png in Resources */,
				4BB873E121623E090027401C /* Assets.xcassets in Resources */,
				4BB873DF21623E080027401C /* Main.storyboard in Resources */,
			);
			runOnlyForDeploymentPostprocessing = 0;
		};
		4BB873E821623E090027401C /* Resources */ = {
			isa = PBXResourcesBuildPhase;
			buildActionMask = 2147483647;
			files = (
			);
			runOnlyForDeploymentPostprocessing = 0;
		};
		4BB873F321623E090027401C /* Resources */ = {
			isa = PBXResourcesBuildPhase;
			buildActionMask = 2147483647;
			files = (
			);
			runOnlyForDeploymentPostprocessing = 0;
		};
/* End PBXResourcesBuildPhase section */

/* Begin PBXSourcesBuildPhase section */
		4BB873D221623E080027401C /* Sources */ = {
			isa = PBXSourcesBuildPhase;
			buildActionMask = 2147483647;
			files = (
				4BB873DC21623E080027401C /* ViewController.swift in Sources */,
				4BB873DA21623E080027401C /* AppDelegate.swift in Sources */,
			);
			runOnlyForDeploymentPostprocessing = 0;
		};
		4BB873E621623E090027401C /* Sources */ = {
			isa = PBXSourcesBuildPhase;
			buildActionMask = 2147483647;
			files = (
				4BB873EF21623E090027401C /* json_testTests.swift in Sources */,
			);
			runOnlyForDeploymentPostprocessing = 0;
		};
		4BB873F121623E090027401C /* Sources */ = {
			isa = PBXSourcesBuildPhase;
			buildActionMask = 2147483647;
			files = (
				4BB873FA21623E090027401C /* json_testUITests.swift in Sources */,
			);
			runOnlyForDeploymentPostprocessing = 0;
		};
/* End PBXSourcesBuildPhase section */

/* Begin PBXTargetDependency section */
		4BB873EC21623E090027401C /* PBXTargetDependency */ = {
			isa = PBXTargetDependency;
			target = 4BB873D521623E080027401C /* json test */;
			targetProxy = 4BB873EB21623E090027401C /* PBXContainerItemProxy */;
		};
		4BB873F721623E090027401C /* PBXTargetDependency */ = {
			isa = PBXTargetDependency;
			target = 4BB873D521623E080027401C /* json test */;
			targetProxy = 4BB873F621623E090027401C /* PBXContainerItemProxy */;
		};
/* End PBXTargetDependency section */

/* Begin PBXVariantGroup section */
		4BB873DD21623E080027401C /* Main.storyboard */ = {
			isa = PBXVariantGroup;
			children = (
				4BB873DE21623E080027401C /* Base */,
			);
			name = Main.storyboard;
			sourceTree = "<group>";
		};
		4BB873E221623E090027401C /* LaunchScreen.storyboard */ = {
			isa = PBXVariantGroup;
			children = (
				4BB873E321623E090027401C /* Base */,
			);
			name = LaunchScreen.storyboard;
			sourceTree = "<group>";
		};
/* End PBXVariantGroup section */

/* Begin XCBuildConfiguration section */
		4BB873FC21623E0A0027401C /* Debug */ = {
			isa = XCBuildConfiguration;
			buildSettings = {
				ALWAYS_SEARCH_USER_PATHS = NO;
				CLANG_ANALYZER_NONNULL = YES;
				CLANG_ANALYZER_NUMBER_OBJECT_CONVERSION = YES_AGGRESSIVE;
				CLANG_CXX_LANGUAGE_STANDARD = "gnu++14";
				CLANG_CXX_LIBRARY = "libc++";
				CLANG_ENABLE_MODULES = YES;
				CLANG_ENABLE_OBJC_ARC = YES;
				CLANG_ENABLE_OBJC_WEAK = YES;
				CLANG_WARN_BLOCK_CAPTURE_AUTORELEASING = YES;
				CLANG_WARN_BOOL_CONVERSION = YES;
				CLANG_WARN_COMMA = YES;
				CLANG_WARN_CONSTANT_CONVERSION = YES;
				CLANG_WARN_DEPRECATED_OBJC_IMPLEMENTATIONS = YES;
				CLANG_WARN_DIRECT_OBJC_ISA_USAGE = YES_ERROR;
				CLANG_WARN_DOCUMENTATION_COMMENTS = YES;
				CLANG_WARN_EMPTY_BODY = YES;
				CLANG_WARN_ENUM_CONVERSION = YES;
				CLANG_WARN_INFINITE_RECURSION = YES;
				CLANG_WARN_INT_CONVERSION = YES;
				CLANG_WARN_NON_LITERAL_NULL_CONVERSION = YES;
				CLANG_WARN_OBJC_IMPLICIT_RETAIN_SELF = YES;
				CLANG_WARN_OBJC_LITERAL_CONVERSION = YES;
				CLANG_WARN_OBJC_ROOT_CLASS = YES_ERROR;
				CLANG_WARN_RANGE_LOOP_ANALYSIS = YES;
				CLANG_WARN_STRICT_PROTOTYPES = YES;
				CLANG_WARN_SUSPICIOUS_MOVE = YES;
				CLANG_WARN_UNGUARDED_AVAILABILITY = YES_AGGRESSIVE;
				CLANG_WARN_UNREACHABLE_CODE = YES;
				CLANG_WARN__DUPLICATE_METHOD_MATCH = YES;
				CODE_SIGN_IDENTITY = "iPhone Developer";
				COPY_PHASE_STRIP = NO;
				DEBUG_INFORMATION_FORMAT = dwarf;
				ENABLE_STRICT_OBJC_MSGSEND = YES;
				ENABLE_TESTABILITY = YES;
				GCC_C_LANGUAGE_STANDARD = gnu11;
				GCC_DYNAMIC_NO_PIC = NO;
				GCC_NO_COMMON_BLOCKS = YES;
				GCC_OPTIMIZATION_LEVEL = 0;
				GCC_PREPROCESSOR_DEFINITIONS = (
					"DEBUG=1",
					"$(inherited)",
				);
				GCC_WARN_64_TO_32_BIT_CONVERSION = YES;
				GCC_WARN_ABOUT_RETURN_TYPE = YES_ERROR;
				GCC_WARN_UNDECLARED_SELECTOR = YES;
				GCC_WARN_UNINITIALIZED_AUTOS = YES_AGGRESSIVE;
				GCC_WARN_UNUSED_FUNCTION = YES;
				GCC_WARN_UNUSED_VARIABLE = YES;
				IPHONEOS_DEPLOYMENT_TARGET = 12.0;
				MTL_ENABLE_DEBUG_INFO = INCLUDE_SOURCE;
				MTL_FAST_MATH = YES;
				ONLY_ACTIVE_ARCH = YES;
				SDKROOT = iphoneos;
				SWIFT_ACTIVE_COMPILATION_CONDITIONS = DEBUG;
				SWIFT_OPTIMIZATION_LEVEL = "-Onone";
			};
			name = Debug;
		};
		4BB873FD21623E0A0027401C /* Release */ = {
			isa = XCBuildConfiguration;
			buildSettings = {
				ALWAYS_SEARCH_USER_PATHS = NO;
				CLANG_ANALYZER_NONNULL = YES;
				CLANG_ANALYZER_NUMBER_OBJECT_CONVERSION = YES_AGGRESSIVE;
				CLANG_CXX_LANGUAGE_STANDARD = "gnu++14";
				CLANG_CXX_LIBRARY = "libc++";
				CLANG_ENABLE_MODULES = YES;
				CLANG_ENABLE_OBJC_ARC = YES;
				CLANG_ENABLE_OBJC_WEAK = YES;
				CLANG_WARN_BLOCK_CAPTURE_AUTORELEASING = YES;
				CLANG_WARN_BOOL_CONVERSION = YES;
				CLANG_WARN_COMMA = YES;
				CLANG_WARN_CONSTANT_CONVERSION = YES;
				CLANG_WARN_DEPRECATED_OBJC_IMPLEMENTATIONS = YES;
				CLANG_WARN_DIRECT_OBJC_ISA_USAGE = YES_ERROR;
				CLANG_WARN_DOCUMENTATION_COMMENTS = YES;
				CLANG_WARN_EMPTY_BODY = YES;
				CLANG_WARN_ENUM_CONVERSION = YES;
				CLANG_WARN_INFINITE_RECURSION = YES;
				CLANG_WARN_INT_CONVERSION = YES;
				CLANG_WARN_NON_LITERAL_NULL_CONVERSION = YES;
				CLANG_WARN_OBJC_IMPLICIT_RETAIN_SELF = YES;
				CLANG_WARN_OBJC_LITERAL_CONVERSION = YES;
				CLANG_WARN_OBJC_ROOT_CLASS = YES_ERROR;
				CLANG_WARN_RANGE_LOOP_ANALYSIS = YES;
				CLANG_WARN_STRICT_PROTOTYPES = YES;
				CLANG_WARN_SUSPICIOUS_MOVE = YES;
				CLANG_WARN_UNGUARDED_AVAILABILITY = YES_AGGRESSIVE;
				CLANG_WARN_UNREACHABLE_CODE = YES;
				CLANG_WARN__DUPLICATE_METHOD_MATCH = YES;
				CODE_SIGN_IDENTITY = "iPhone Developer";
				COPY_PHASE_STRIP = NO;
				DEBUG_INFORMATION_FORMAT = "dwarf-with-dsym";
				ENABLE_NS_ASSERTIONS = NO;
				ENABLE_STRICT_OBJC_MSGSEND = YES;
				GCC_C_LANGUAGE_STANDARD = gnu11;
				GCC_NO_COMMON_BLOCKS = YES;
				GCC_WARN_64_TO_32_BIT_CONVERSION = YES;
				GCC_WARN_ABOUT_RETURN_TYPE = YES_ERROR;
				GCC_WARN_UNDECLARED_SELECTOR = YES;
				GCC_WARN_UNINITIALIZED_AUTOS = YES_AGGRESSIVE;
				GCC_WARN_UNUSED_FUNCTION = YES;
				GCC_WARN_UNUSED_VARIABLE = YES;
				IPHONEOS_DEPLOYMENT_TARGET = 12.0;
				MTL_ENABLE_DEBUG_INFO = NO;
				MTL_FAST_MATH = YES;
				SDKROOT = iphoneos;
				SWIFT_COMPILATION_MODE = wholemodule;
				SWIFT_OPTIMIZATION_LEVEL = "-O";
				VALIDATE_PRODUCT = YES;
			};
			name = Release;
		};
		4BB873FF21623E0A0027401C /* Debug */ = {
			isa = XCBuildConfiguration;
			buildSettings = {
				ASSETCATALOG_COMPILER_APPICON_NAME = AppIcon;
				CODE_SIGN_STYLE = Automatic;
				INFOPLIST_FILE = "json test/Info.plist";
				LD_RUNPATH_SEARCH_PATHS = (
					"$(inherited)",
					"@executable_path/Frameworks",
				);
				PRODUCT_BUNDLE_IDENTIFIER = "sd.json-test";
				PRODUCT_NAME = "$(TARGET_NAME)";
				SWIFT_VERSION = 4.2;
				TARGETED_DEVICE_FAMILY = "1,2";
			};
			name = Debug;
		};
		4BB8740021623E0A0027401C /* Release */ = {
			isa = XCBuildConfiguration;
			buildSettings = {
				ASSETCATALOG_COMPILER_APPICON_NAME = AppIcon;
				CODE_SIGN_STYLE = Automatic;
				INFOPLIST_FILE = "json test/Info.plist";
				LD_RUNPATH_SEARCH_PATHS = (
					"$(inherited)",
					"@executable_path/Frameworks",
				);
				PRODUCT_BUNDLE_IDENTIFIER = "sd.json-test";
				PRODUCT_NAME = "$(TARGET_NAME)";
				SWIFT_VERSION = 4.2;
				TARGETED_DEVICE_FAMILY = "1,2";
			};
			name = Release;
		};
		4BB8740221623E0A0027401C /* Debug */ = {
			isa = XCBuildConfiguration;
			buildSettings = {
				ALWAYS_EMBED_SWIFT_STANDARD_LIBRARIES = YES;
				BUNDLE_LOADER = "$(TEST_HOST)";
				CODE_SIGN_STYLE = Automatic;
				INFOPLIST_FILE = "json testTests/Info.plist";
				LD_RUNPATH_SEARCH_PATHS = (
					"$(inherited)",
					"@executable_path/Frameworks",
					"@loader_path/Frameworks",
				);
				PRODUCT_BUNDLE_IDENTIFIER = "sd.json-testTests";
				PRODUCT_NAME = "$(TARGET_NAME)";
				SWIFT_VERSION = 4.2;
				TARGETED_DEVICE_FAMILY = "1,2";
				TEST_HOST = "$(BUILT_PRODUCTS_DIR)/json test.app/json test";
			};
			name = Debug;
		};
		4BB8740321623E0A0027401C /* Release */ = {
			isa = XCBuildConfiguration;
			buildSettings = {
				ALWAYS_EMBED_SWIFT_STANDARD_LIBRARIES = YES;
				BUNDLE_LOADER = "$(TEST_HOST)";
				CODE_SIGN_STYLE = Automatic;
				INFOPLIST_FILE = "json testTests/Info.plist";
				LD_RUNPATH_SEARCH_PATHS = (
					"$(inherited)",
					"@executable_path/Frameworks",
					"@loader_path/Frameworks",
				);
				PRODUCT_BUNDLE_IDENTIFIER = "sd.json-testTests";
				PRODUCT_NAME = "$(TARGET_NAME)";
				SWIFT_VERSION = 4.2;
				TARGETED_DEVICE_FAMILY = "1,2";
				TEST_HOST = "$(BUILT_PRODUCTS_DIR)/json test.app/json test";
			};
			name = Release;
		};
		4BB8740521623E0A0027401C /* Debug */ = {
			isa = XCBuildConfiguration;
			buildSettings = {
				ALWAYS_EMBED_SWIFT_STANDARD_LIBRARIES = YES;
				CODE_SIGN_STYLE = Automatic;
				INFOPLIST_FILE = "json testUITests/Info.plist";
				LD_RUNPATH_SEARCH_PATHS = (
					"$(inherited)",
					"@executable_path/Frameworks",
					"@loader_path/Frameworks",
				);
				PRODUCT_BUNDLE_IDENTIFIER = "sd.json-testUITests";
				PRODUCT_NAME = "$(TARGET_NAME)";
				SWIFT_VERSION = 4.2;
				TARGETED_DEVICE_FAMILY = "1,2";
				TEST_TARGET_NAME = "json test";
			};
			name = Debug;
		};
		4BB8740621623E0A0027401C /* Release */ = {
			isa = XCBuildConfiguration;
			buildSettings = {
				ALWAYS_EMBED_SWIFT_STANDARD_LIBRARIES = YES;
				CODE_SIGN_STYLE = Automatic;
				INFOPLIST_FILE = "json testUITests/Info.plist";
				LD_RUNPATH_SEARCH_PATHS = (
					"$(inherited)",
					"@executable_path/Frameworks",
					"@loader_path/Frameworks",
				);
				PRODUCT_BUNDLE_IDENTIFIER = "sd.json-testUITests";
				PRODUCT_NAME = "$(TARGET_NAME)";
				SWIFT_VERSION = 4.2;
				TARGETED_DEVICE_FAMILY = "1,2";
				TEST_TARGET_NAME = "json test";
			};
			name = Release;
		};
/* End XCBuildConfiguration section */

/* Begin XCConfigurationList section */
		4BB873D121623E080027401C /* Build configuration list for PBXProject "json test" */ = {
			isa = XCConfigurationList;
			buildConfigurations = (
				4BB873FC21623E0A0027401C /* Debug */,
				4BB873FD21623E0A0027401C /* Release */,
			);
			defaultConfigurationIsVisible = 0;
			defaultConfigurationName = Release;
		};
		4BB873FE21623E0A0027401C /* Build configuration list for PBXNativeTarget "json test" */ = {
			isa = XCConfigurationList;
			buildConfigurations = (
				4BB873FF21623E0A0027401C /* Debug */,
				4BB8740021623E0A0027401C /* Release */,
			);
			defaultConfigurationIsVisible = 0;
			defaultConfigurationName = Release;
		};
		4BB8740121623E0A0027401C /* Build configuration list for PBXNativeTarget "json testTests" */ = {
			isa = XCConfigurationList;
			buildConfigurations = (
				4BB8740221623E0A0027401C /* Debug */,
				4BB8740321623E0A0027401C /* Release */,
			);
			defaultConfigurationIsVisible = 0;
			defaultConfigurationName = Release;
		};
		4BB8740421623E0A0027401C /* Build configuration list for PBXNativeTarget "json testUITests" */ = {
			isa = XCConfigurationList;
			buildConfigurations = (
				4BB8740521623E0A0027401C /* Debug */,
				4BB8740621623E0A0027401C /* Release */,
			);
			defaultConfigurationIsVisible = 0;
			defaultConfigurationName = Release;
		};
/* End XCConfigurationList section */
	};
	rootObject = 4BB873CE21623E080027401C /* Project object */;
}
